// !$*UTF8*$!
{
	archiveVersion = 1;
	classes = {
	};
	objectVersion = 56;
	objects = {

/* Begin PBXBuildFile section */
		080FBDB028F5634500D71902 /* AppDelegate.swift in Sources */ = {isa = PBXBuildFile; fileRef = 080FBDAF28F5634500D71902 /* AppDelegate.swift */; };
		080FBDB428F5634500D71902 /* LoginController.swift in Sources */ = {isa = PBXBuildFile; fileRef = 080FBDB328F5634500D71902 /* LoginController.swift */; };
		080FBDB928F5634700D71902 /* Assets.xcassets in Resources */ = {isa = PBXBuildFile; fileRef = 080FBDB828F5634700D71902 /* Assets.xcassets */; };
		080FBDBC28F5634700D71902 /* LaunchScreen.storyboard in Resources */ = {isa = PBXBuildFile; fileRef = 080FBDBA28F5634700D71902 /* LaunchScreen.storyboard */; };
		080FBDCD28F5759900D71902 /* Extensions.swift in Sources */ = {isa = PBXBuildFile; fileRef = 080FBDCC28F5759900D71902 /* Extensions.swift */; };
		080FBDF528F6E3B800D71902 /* SignUpController.swift in Sources */ = {isa = PBXBuildFile; fileRef = 080FBDF428F6E3B700D71902 /* SignUpController.swift */; };
		080FBDF728F6EE1B00D71902 /* AuthButton.swift in Sources */ = {isa = PBXBuildFile; fileRef = 080FBDF628F6EE1B00D71902 /* AuthButton.swift */; };
		0820BF8628FD58D200445D0C /* LocationCell.swift in Sources */ = {isa = PBXBuildFile; fileRef = 0820BF8528FD58D200445D0C /* LocationCell.swift */; };
		0820BF8828FDEB4A00445D0C /* Service.swift in Sources */ = {isa = PBXBuildFile; fileRef = 0820BF8728FDEB4A00445D0C /* Service.swift */; };
		0820BF8A28FDF0C900445D0C /* User.swift in Sources */ = {isa = PBXBuildFile; fileRef = 0820BF8928FDF0C900445D0C /* User.swift */; };
		0820BF8C28FECD0B00445D0C /* LocationHandler.swift in Sources */ = {isa = PBXBuildFile; fileRef = 0820BF8B28FECD0B00445D0C /* LocationHandler.swift */; };
		0820BF8E28FF3F0300445D0C /* DriverAnnotation.swift in Sources */ = {isa = PBXBuildFile; fileRef = 0820BF8D28FF3F0300445D0C /* DriverAnnotation.swift */; };
		08E842302907EEA900A09645 /* RideActionView.swift in Sources */ = {isa = PBXBuildFile; fileRef = 08E8422F2907EEA900A09645 /* RideActionView.swift */; };
		08F0BB58290943DC00A6878E /* Trip.swift in Sources */ = {isa = PBXBuildFile; fileRef = 08F0BB57290943DC00A6878E /* Trip.swift */; };
		08F0BB5A2909723100A6878E /* PickupController.swift in Sources */ = {isa = PBXBuildFile; fileRef = 08F0BB592909723100A6878E /* PickupController.swift */; };
		08F503E028F813F800E254D2 /* GoogleService-Info.plist in Resources */ = {isa = PBXBuildFile; fileRef = 08F503DF28F813F800E254D2 /* GoogleService-Info.plist */; };
		08F503E228F82AE400E254D2 /* HomeController.swift in Sources */ = {isa = PBXBuildFile; fileRef = 08F503E128F82AE400E254D2 /* HomeController.swift */; };
		08F503E428F85E6C00E254D2 /* LocationInputActivationView.swift in Sources */ = {isa = PBXBuildFile; fileRef = 08F503E328F85E6C00E254D2 /* LocationInputActivationView.swift */; };
		08F503E628F86A9400E254D2 /* LocationInputView.swift in Sources */ = {isa = PBXBuildFile; fileRef = 08F503E528F86A9400E254D2 /* LocationInputView.swift */; };
		08F999A12910618700EB71E7 /* MenuController.swift in Sources */ = {isa = PBXBuildFile; fileRef = 08F999A02910618700EB71E7 /* MenuController.swift */; };
		08F999A32910619B00EB71E7 /* ContainerController.swift in Sources */ = {isa = PBXBuildFile; fileRef = 08F999A22910619B00EB71E7 /* ContainerController.swift */; };
		08F999A529106B7800EB71E7 /* MenuHeader.swift in Sources */ = {isa = PBXBuildFile; fileRef = 08F999A429106B7800EB71E7 /* MenuHeader.swift */; };
		DC72B1C51B32DAE0F58B08A0 /* Pods_Uber.framework in Frameworks */ = {isa = PBXBuildFile; fileRef = DC41DE731152154443E1EFBC /* Pods_Uber.framework */; };
/* End PBXBuildFile section */

/* Begin PBXFileReference section */
		080FBDAC28F5634500D71902 /* Uber.app */ = {isa = PBXFileReference; explicitFileType = wrapper.application; includeInIndex = 0; path = Uber.app; sourceTree = BUILT_PRODUCTS_DIR; };
		080FBDAF28F5634500D71902 /* AppDelegate.swift */ = {isa = PBXFileReference; lastKnownFileType = sourcecode.swift; path = AppDelegate.swift; sourceTree = "<group>"; };
		080FBDB328F5634500D71902 /* LoginController.swift */ = {isa = PBXFileReference; lastKnownFileType = sourcecode.swift; path = LoginController.swift; sourceTree = "<group>"; };
		080FBDB828F5634700D71902 /* Assets.xcassets */ = {isa = PBXFileReference; lastKnownFileType = folder.assetcatalog; path = Assets.xcassets; sourceTree = "<group>"; };
		080FBDBB28F5634700D71902 /* Base */ = {isa = PBXFileReference; lastKnownFileType = file.storyboard; name = Base; path = Base.lproj/LaunchScreen.storyboard; sourceTree = "<group>"; };
		080FBDBD28F5634700D71902 /* Info.plist */ = {isa = PBXFileReference; lastKnownFileType = text.plist.xml; path = Info.plist; sourceTree = "<group>"; };
		080FBDCC28F5759900D71902 /* Extensions.swift */ = {isa = PBXFileReference; lastKnownFileType = sourcecode.swift; path = Extensions.swift; sourceTree = "<group>"; };
		080FBDF428F6E3B700D71902 /* SignUpController.swift */ = {isa = PBXFileReference; lastKnownFileType = sourcecode.swift; path = SignUpController.swift; sourceTree = "<group>"; };
		080FBDF628F6EE1B00D71902 /* AuthButton.swift */ = {isa = PBXFileReference; lastKnownFileType = sourcecode.swift; path = AuthButton.swift; sourceTree = "<group>"; };
		0820BF8528FD58D200445D0C /* LocationCell.swift */ = {isa = PBXFileReference; lastKnownFileType = sourcecode.swift; path = LocationCell.swift; sourceTree = "<group>"; };
		0820BF8728FDEB4A00445D0C /* Service.swift */ = {isa = PBXFileReference; lastKnownFileType = sourcecode.swift; path = Service.swift; sourceTree = "<group>"; };
		0820BF8928FDF0C900445D0C /* User.swift */ = {isa = PBXFileReference; lastKnownFileType = sourcecode.swift; path = User.swift; sourceTree = "<group>"; };
		0820BF8B28FECD0B00445D0C /* LocationHandler.swift */ = {isa = PBXFileReference; lastKnownFileType = sourcecode.swift; path = LocationHandler.swift; sourceTree = "<group>"; };
		0820BF8D28FF3F0300445D0C /* DriverAnnotation.swift */ = {isa = PBXFileReference; lastKnownFileType = sourcecode.swift; path = DriverAnnotation.swift; sourceTree = "<group>"; };
		08E8422F2907EEA900A09645 /* RideActionView.swift */ = {isa = PBXFileReference; lastKnownFileType = sourcecode.swift; path = RideActionView.swift; sourceTree = "<group>"; };
		08F0BB57290943DC00A6878E /* Trip.swift */ = {isa = PBXFileReference; lastKnownFileType = sourcecode.swift; path = Trip.swift; sourceTree = "<group>"; };
		08F0BB592909723100A6878E /* PickupController.swift */ = {isa = PBXFileReference; lastKnownFileType = sourcecode.swift; path = PickupController.swift; sourceTree = "<group>"; };
		08F503DF28F813F800E254D2 /* GoogleService-Info.plist */ = {isa = PBXFileReference; fileEncoding = 4; lastKnownFileType = text.plist.xml; path = "GoogleService-Info.plist"; sourceTree = "<group>"; };
		08F503E128F82AE400E254D2 /* HomeController.swift */ = {isa = PBXFileReference; lastKnownFileType = sourcecode.swift; path = HomeController.swift; sourceTree = "<group>"; };
		08F503E328F85E6C00E254D2 /* LocationInputActivationView.swift */ = {isa = PBXFileReference; lastKnownFileType = sourcecode.swift; path = LocationInputActivationView.swift; sourceTree = "<group>"; };
		08F503E528F86A9400E254D2 /* LocationInputView.swift */ = {isa = PBXFileReference; lastKnownFileType = sourcecode.swift; path = LocationInputView.swift; sourceTree = "<group>"; };
		08F999A02910618700EB71E7 /* MenuController.swift */ = {isa = PBXFileReference; lastKnownFileType = sourcecode.swift; path = MenuController.swift; sourceTree = "<group>"; };
		08F999A22910619B00EB71E7 /* ContainerController.swift */ = {isa = PBXFileReference; lastKnownFileType = sourcecode.swift; path = ContainerController.swift; sourceTree = "<group>"; };
		08F999A429106B7800EB71E7 /* MenuHeader.swift */ = {isa = PBXFileReference; lastKnownFileType = sourcecode.swift; path = MenuHeader.swift; sourceTree = "<group>"; };
		7966522B37F2C1E0F9973980 /* Pods-Uber.debug.xcconfig */ = {isa = PBXFileReference; includeInIndex = 1; lastKnownFileType = text.xcconfig; name = "Pods-Uber.debug.xcconfig"; path = "Target Support Files/Pods-Uber/Pods-Uber.debug.xcconfig"; sourceTree = "<group>"; };
		DA68C3209809F79F950D4EC9 /* Pods-Uber.release.xcconfig */ = {isa = PBXFileReference; includeInIndex = 1; lastKnownFileType = text.xcconfig; name = "Pods-Uber.release.xcconfig"; path = "Target Support Files/Pods-Uber/Pods-Uber.release.xcconfig"; sourceTree = "<group>"; };
		DC41DE731152154443E1EFBC /* Pods_Uber.framework */ = {isa = PBXFileReference; explicitFileType = wrapper.framework; includeInIndex = 0; path = Pods_Uber.framework; sourceTree = BUILT_PRODUCTS_DIR; };
/* End PBXFileReference section */

/* Begin PBXFrameworksBuildPhase section */
		080FBDA928F5634500D71902 /* Frameworks */ = {
			isa = PBXFrameworksBuildPhase;
			buildActionMask = 2147483647;
			files = (
				DC72B1C51B32DAE0F58B08A0 /* Pods_Uber.framework in Frameworks */,
			);
			runOnlyForDeploymentPostprocessing = 0;
		};
/* End PBXFrameworksBuildPhase section */

/* Begin PBXGroup section */
		0392DEDCA50BBC408586B633 /* Frameworks */ = {
			isa = PBXGroup;
			children = (
				DC41DE731152154443E1EFBC /* Pods_Uber.framework */,
			);
			name = Frameworks;
			sourceTree = "<group>";
		};
		080FBDA328F5634500D71902 = {
			isa = PBXGroup;
			children = (
				080FBDAE28F5634500D71902 /* Uber */,
				080FBDAD28F5634500D71902 /* Products */,
				F4BDAD57676E4F66AF8E0B16 /* Pods */,
				0392DEDCA50BBC408586B633 /* Frameworks */,
			);
			sourceTree = "<group>";
		};
		080FBDAD28F5634500D71902 /* Products */ = {
			isa = PBXGroup;
			children = (
				080FBDAC28F5634500D71902 /* Uber.app */,
			);
			name = Products;
			sourceTree = "<group>";
		};
		080FBDAE28F5634500D71902 /* Uber */ = {
			isa = PBXGroup;
			children = (
				080FBDCB28F56A6700D71902 /* Model */,
				080FBDCA28F56A6500D71902 /* View */,
				080FBDC828F56A5C00D71902 /* Controller */,
				080FBDC628F56A5500D71902 /* Service */,
				080FBDC728F56A5700D71902 /* Utils */,
				080FBDAF28F5634500D71902 /* AppDelegate.swift */,
				080FBDB828F5634700D71902 /* Assets.xcassets */,
				080FBDBA28F5634700D71902 /* LaunchScreen.storyboard */,
				080FBDBD28F5634700D71902 /* Info.plist */,
				08F503DF28F813F800E254D2 /* GoogleService-Info.plist */,
			);
			path = Uber;
			sourceTree = "<group>";
		};
		080FBDC628F56A5500D71902 /* Service */ = {
			isa = PBXGroup;
			children = (
				0820BF8728FDEB4A00445D0C /* Service.swift */,
			);
			path = Service;
			sourceTree = "<group>";
		};
		080FBDC728F56A5700D71902 /* Utils */ = {
			isa = PBXGroup;
			children = (
				080FBDCC28F5759900D71902 /* Extensions.swift */,
				0820BF8B28FECD0B00445D0C /* LocationHandler.swift */,
			);
			path = Utils;
			sourceTree = "<group>";
		};
		080FBDC828F56A5C00D71902 /* Controller */ = {
			isa = PBXGroup;
			children = (
				08F9999F2910617600EB71E7 /* SideMenu */,
				08F9999E2910616300EB71E7 /* Authentication */,
				08F503E128F82AE400E254D2 /* HomeController.swift */,
				08F0BB592909723100A6878E /* PickupController.swift */,
			);
			path = Controller;
			sourceTree = "<group>";
		};
		080FBDCA28F56A6500D71902 /* View */ = {
			isa = PBXGroup;
			children = (
				080FBDF628F6EE1B00D71902 /* AuthButton.swift */,
				0820BF8528FD58D200445D0C /* LocationCell.swift */,
				08F503E328F85E6C00E254D2 /* LocationInputActivationView.swift */,
				08F503E528F86A9400E254D2 /* LocationInputView.swift */,
				08E8422F2907EEA900A09645 /* RideActionView.swift */,
				08F999A429106B7800EB71E7 /* MenuHeader.swift */,
			);
			path = View;
			sourceTree = "<group>";
		};
		080FBDCB28F56A6700D71902 /* Model */ = {
			isa = PBXGroup;
			children = (
				0820BF8928FDF0C900445D0C /* User.swift */,
				0820BF8D28FF3F0300445D0C /* DriverAnnotation.swift */,
				08F0BB57290943DC00A6878E /* Trip.swift */,
			);
			path = Model;
			sourceTree = "<group>";
		};
		08F9999E2910616300EB71E7 /* Authentication */ = {
			isa = PBXGroup;
			children = (
				080FBDB328F5634500D71902 /* LoginController.swift */,
				080FBDF428F6E3B700D71902 /* SignUpController.swift */,
			);
			path = Authentication;
			sourceTree = "<group>";
		};
		08F9999F2910617600EB71E7 /* SideMenu */ = {
			isa = PBXGroup;
			children = (
				08F999A02910618700EB71E7 /* MenuController.swift */,
				08F999A22910619B00EB71E7 /* ContainerController.swift */,
			);
			path = SideMenu;
			sourceTree = "<group>";
		};
		F4BDAD57676E4F66AF8E0B16 /* Pods */ = {
			isa = PBXGroup;
			children = (
				7966522B37F2C1E0F9973980 /* Pods-Uber.debug.xcconfig */,
				DA68C3209809F79F950D4EC9 /* Pods-Uber.release.xcconfig */,
			);
			path = Pods;
			sourceTree = "<group>";
		};
/* End PBXGroup section */

/* Begin PBXNativeTarget section */
		080FBDAB28F5634500D71902 /* Uber */ = {
			isa = PBXNativeTarget;
			buildConfigurationList = 080FBDC028F5634700D71902 /* Build configuration list for PBXNativeTarget "Uber" */;
			buildPhases = (
				593ACC2D686400D6C0CD6797 /* [CP] Check Pods Manifest.lock */,
				080FBDA828F5634500D71902 /* Sources */,
				080FBDA928F5634500D71902 /* Frameworks */,
				080FBDAA28F5634500D71902 /* Resources */,
				6D19824D70BA0D89529BA4CC /* [CP] Embed Pods Frameworks */,
			);
			buildRules = (
			);
			dependencies = (
			);
			name = Uber;
			productName = Uber;
			productReference = 080FBDAC28F5634500D71902 /* Uber.app */;
			productType = "com.apple.product-type.application";
		};
/* End PBXNativeTarget section */

/* Begin PBXProject section */
		080FBDA428F5634500D71902 /* Project object */ = {
			isa = PBXProject;
			attributes = {
				BuildIndependentTargetsInParallel = 1;
				LastSwiftUpdateCheck = 1400;
				LastUpgradeCheck = 1400;
				TargetAttributes = {
					080FBDAB28F5634500D71902 = {
						CreatedOnToolsVersion = 14.0.1;
					};
				};
			};
			buildConfigurationList = 080FBDA728F5634500D71902 /* Build configuration list for PBXProject "Uber" */;
			compatibilityVersion = "Xcode 14.0";
			developmentRegion = en;
			hasScannedForEncodings = 0;
			knownRegions = (
				en,
				Base,
			);
			mainGroup = 080FBDA328F5634500D71902;
			productRefGroup = 080FBDAD28F5634500D71902 /* Products */;
			projectDirPath = "";
			projectRoot = "";
			targets = (
				080FBDAB28F5634500D71902 /* Uber */,
			);
		};
/* End PBXProject section */

/* Begin PBXResourcesBuildPhase section */
		080FBDAA28F5634500D71902 /* Resources */ = {
			isa = PBXResourcesBuildPhase;
			buildActionMask = 2147483647;
			files = (
				080FBDBC28F5634700D71902 /* LaunchScreen.storyboard in Resources */,
				080FBDB928F5634700D71902 /* Assets.xcassets in Resources */,
				08F503E028F813F800E254D2 /* GoogleService-Info.plist in Resources */,
			);
			runOnlyForDeploymentPostprocessing = 0;
		};
/* End PBXResourcesBuildPhase section */

/* Begin PBXShellScriptBuildPhase section */
		593ACC2D686400D6C0CD6797 /* [CP] Check Pods Manifest.lock */ = {
			isa = PBXShellScriptBuildPhase;
			buildActionMask = 2147483647;
			files = (
			);
			inputFileListPaths = (
			);
			inputPaths = (
				"${PODS_PODFILE_DIR_PATH}/Podfile.lock",
				"${PODS_ROOT}/Manifest.lock",
			);
			name = "[CP] Check Pods Manifest.lock";
			outputFileListPaths = (
			);
			outputPaths = (
				"$(DERIVED_FILE_DIR)/Pods-Uber-checkManifestLockResult.txt",
			);
			runOnlyForDeploymentPostprocessing = 0;
			shellPath = /bin/sh;
			shellScript = "diff \"${PODS_PODFILE_DIR_PATH}/Podfile.lock\" \"${PODS_ROOT}/Manifest.lock\" > /dev/null\nif [ $? != 0 ] ; then\n    # print error to STDERR\n    echo \"error: The sandbox is not in sync with the Podfile.lock. Run 'pod install' or update your CocoaPods installation.\" >&2\n    exit 1\nfi\n# This output is used by Xcode 'outputs' to avoid re-running this script phase.\necho \"SUCCESS\" > \"${SCRIPT_OUTPUT_FILE_0}\"\n";
			showEnvVarsInLog = 0;
		};
		6D19824D70BA0D89529BA4CC /* [CP] Embed Pods Frameworks */ = {
			isa = PBXShellScriptBuildPhase;
			buildActionMask = 2147483647;
			files = (
			);
			inputFileListPaths = (
				"${PODS_ROOT}/Target Support Files/Pods-Uber/Pods-Uber-frameworks-${CONFIGURATION}-input-files.xcfilelist",
			);
			name = "[CP] Embed Pods Frameworks";
			outputFileListPaths = (
				"${PODS_ROOT}/Target Support Files/Pods-Uber/Pods-Uber-frameworks-${CONFIGURATION}-output-files.xcfilelist",
			);
			runOnlyForDeploymentPostprocessing = 0;
			shellPath = /bin/sh;
			shellScript = "\"${PODS_ROOT}/Target Support Files/Pods-Uber/Pods-Uber-frameworks.sh\"\n";
			showEnvVarsInLog = 0;
		};
/* End PBXShellScriptBuildPhase section */

/* Begin PBXSourcesBuildPhase section */
		080FBDA828F5634500D71902 /* Sources */ = {
			isa = PBXSourcesBuildPhase;
			buildActionMask = 2147483647;
			files = (
				08F0BB58290943DC00A6878E /* Trip.swift in Sources */,
				08F999A12910618700EB71E7 /* MenuController.swift in Sources */,
				08F0BB5A2909723100A6878E /* PickupController.swift in Sources */,
				080FBDB428F5634500D71902 /* LoginController.swift in Sources */,
				080FBDF728F6EE1B00D71902 /* AuthButton.swift in Sources */,
				08F503E428F85E6C00E254D2 /* LocationInputActivationView.swift in Sources */,
				0820BF8C28FECD0B00445D0C /* LocationHandler.swift in Sources */,
				0820BF8E28FF3F0300445D0C /* DriverAnnotation.swift in Sources */,
				08F503E228F82AE400E254D2 /* HomeController.swift in Sources */,
				080FBDCD28F5759900D71902 /* Extensions.swift in Sources */,
				080FBDB028F5634500D71902 /* AppDelegate.swift in Sources */,
				0820BF8628FD58D200445D0C /* LocationCell.swift in Sources */,
				0820BF8828FDEB4A00445D0C /* Service.swift in Sources */,
				08F503E628F86A9400E254D2 /* LocationInputView.swift in Sources */,
				080FBDF528F6E3B800D71902 /* SignUpController.swift in Sources */,
				08E842302907EEA900A09645 /* RideActionView.swift in Sources */,
				08F999A529106B7800EB71E7 /* MenuHeader.swift in Sources */,
				0820BF8A28FDF0C900445D0C /* User.swift in Sources */,
				08F999A32910619B00EB71E7 /* ContainerController.swift in Sources */,
			);
			runOnlyForDeploymentPostprocessing = 0;
		};
/* End PBXSourcesBuildPhase section */

/* Begin PBXVariantGroup section */
		080FBDBA28F5634700D71902 /* LaunchScreen.storyboard */ = {
			isa = PBXVariantGroup;
			children = (
				080FBDBB28F5634700D71902 /* Base */,
			);
			name = LaunchScreen.storyboard;
			sourceTree = "<group>";
		};
/* End PBXVariantGroup section */

/* Begin XCBuildConfiguration section */
		080FBDBE28F5634700D71902 /* Debug */ = {
			isa = XCBuildConfiguration;
			buildSettings = {
				ALWAYS_SEARCH_USER_PATHS = NO;
				CLANG_ANALYZER_NONNULL = YES;
				CLANG_ANALYZER_NUMBER_OBJECT_CONVERSION = YES_AGGRESSIVE;
				CLANG_CXX_LANGUAGE_STANDARD = "gnu++20";
				CLANG_ENABLE_MODULES = YES;
				CLANG_ENABLE_OBJC_ARC = YES;
				CLANG_ENABLE_OBJC_WEAK = YES;
				CLANG_WARN_BLOCK_CAPTURE_AUTORELEASING = YES;
				CLANG_WARN_BOOL_CONVERSION = YES;
				CLANG_WARN_COMMA = YES;
				CLANG_WARN_CONSTANT_CONVERSION = YES;
				CLANG_WARN_DEPRECATED_OBJC_IMPLEMENTATIONS = YES;
				CLANG_WARN_DIRECT_OBJC_ISA_USAGE = YES_ERROR;
				CLANG_WARN_DOCUMENTATION_COMMENTS = YES;
				CLANG_WARN_EMPTY_BODY = YES;
				CLANG_WARN_ENUM_CONVERSION = YES;
				CLANG_WARN_INFINITE_RECURSION = YES;
				CLANG_WARN_INT_CONVERSION = YES;
				CLANG_WARN_NON_LITERAL_NULL_CONVERSION = YES;
				CLANG_WARN_OBJC_IMPLICIT_RETAIN_SELF = YES;
				CLANG_WARN_OBJC_LITERAL_CONVERSION = YES;
				CLANG_WARN_OBJC_ROOT_CLASS = YES_ERROR;
				CLANG_WARN_QUOTED_INCLUDE_IN_FRAMEWORK_HEADER = YES;
				CLANG_WARN_RANGE_LOOP_ANALYSIS = YES;
				CLANG_WARN_STRICT_PROTOTYPES = YES;
				CLANG_WARN_SUSPICIOUS_MOVE = YES;
				CLANG_WARN_UNGUARDED_AVAILABILITY = YES_AGGRESSIVE;
				CLANG_WARN_UNREACHABLE_CODE = YES;
				CLANG_WARN__DUPLICATE_METHOD_MATCH = YES;
				COPY_PHASE_STRIP = NO;
				DEBUG_INFORMATION_FORMAT = dwarf;
				ENABLE_STRICT_OBJC_MSGSEND = YES;
				ENABLE_TESTABILITY = YES;
				GCC_C_LANGUAGE_STANDARD = gnu11;
				GCC_DYNAMIC_NO_PIC = NO;
				GCC_NO_COMMON_BLOCKS = YES;
				GCC_OPTIMIZATION_LEVEL = 0;
				GCC_PREPROCESSOR_DEFINITIONS = (
					"DEBUG=1",
					"$(inherited)",
				);
				GCC_WARN_64_TO_32_BIT_CONVERSION = YES;
				GCC_WARN_ABOUT_RETURN_TYPE = YES_ERROR;
				GCC_WARN_UNDECLARED_SELECTOR = YES;
				GCC_WARN_UNINITIALIZED_AUTOS = YES_AGGRESSIVE;
				GCC_WARN_UNUSED_FUNCTION = YES;
				GCC_WARN_UNUSED_VARIABLE = YES;
				IPHONEOS_DEPLOYMENT_TARGET = 16.0;
				MTL_ENABLE_DEBUG_INFO = INCLUDE_SOURCE;
				MTL_FAST_MATH = YES;
				ONLY_ACTIVE_ARCH = YES;
				SDKROOT = iphoneos;
				SWIFT_ACTIVE_COMPILATION_CONDITIONS = DEBUG;
				SWIFT_OPTIMIZATION_LEVEL = "-Onone";
			};
			name = Debug;
		};
		080FBDBF28F5634700D71902 /* Release */ = {
			isa = XCBuildConfiguration;
			buildSettings = {
				ALWAYS_SEARCH_USER_PATHS = NO;
				CLANG_ANALYZER_NONNULL = YES;
				CLANG_ANALYZER_NUMBER_OBJECT_CONVERSION = YES_AGGRESSIVE;
				CLANG_CXX_LANGUAGE_STANDARD = "gnu++20";
				CLANG_ENABLE_MODULES = YES;
				CLANG_ENABLE_OBJC_ARC = YES;
				CLANG_ENABLE_OBJC_WEAK = YES;
				CLANG_WARN_BLOCK_CAPTURE_AUTORELEASING = YES;
				CLANG_WARN_BOOL_CONVERSION = YES;
				CLANG_WARN_COMMA = YES;
				CLANG_WARN_CONSTANT_CONVERSION = YES;
				CLANG_WARN_DEPRECATED_OBJC_IMPLEMENTATIONS = YES;
				CLANG_WARN_DIRECT_OBJC_ISA_USAGE = YES_ERROR;
				CLANG_WARN_DOCUMENTATION_COMMENTS = YES;
				CLANG_WARN_EMPTY_BODY = YES;
				CLANG_WARN_ENUM_CONVERSION = YES;
				CLANG_WARN_INFINITE_RECURSION = YES;
				CLANG_WARN_INT_CONVERSION = YES;
				CLANG_WARN_NON_LITERAL_NULL_CONVERSION = YES;
				CLANG_WARN_OBJC_IMPLICIT_RETAIN_SELF = YES;
				CLANG_WARN_OBJC_LITERAL_CONVERSION = YES;
				CLANG_WARN_OBJC_ROOT_CLASS = YES_ERROR;
				CLANG_WARN_QUOTED_INCLUDE_IN_FRAMEWORK_HEADER = YES;
				CLANG_WARN_RANGE_LOOP_ANALYSIS = YES;
				CLANG_WARN_STRICT_PROTOTYPES = YES;
				CLANG_WARN_SUSPICIOUS_MOVE = YES;
				CLANG_WARN_UNGUARDED_AVAILABILITY = YES_AGGRESSIVE;
				CLANG_WARN_UNREACHABLE_CODE = YES;
				CLANG_WARN__DUPLICATE_METHOD_MATCH = YES;
				COPY_PHASE_STRIP = NO;
				DEBUG_INFORMATION_FORMAT = "dwarf-with-dsym";
				ENABLE_NS_ASSERTIONS = NO;
				ENABLE_STRICT_OBJC_MSGSEND = YES;
				GCC_C_LANGUAGE_STANDARD = gnu11;
				GCC_NO_COMMON_BLOCKS = YES;
				GCC_WARN_64_TO_32_BIT_CONVERSION = YES;
				GCC_WARN_ABOUT_RETURN_TYPE = YES_ERROR;
				GCC_WARN_UNDECLARED_SELECTOR = YES;
				GCC_WARN_UNINITIALIZED_AUTOS = YES_AGGRESSIVE;
				GCC_WARN_UNUSED_FUNCTION = YES;
				GCC_WARN_UNUSED_VARIABLE = YES;
				IPHONEOS_DEPLOYMENT_TARGET = 16.0;
				MTL_ENABLE_DEBUG_INFO = NO;
				MTL_FAST_MATH = YES;
				SDKROOT = iphoneos;
				SWIFT_COMPILATION_MODE = wholemodule;
				SWIFT_OPTIMIZATION_LEVEL = "-O";
				VALIDATE_PRODUCT = YES;
			};
			name = Release;
		};
		080FBDC128F5634700D71902 /* Debug */ = {
			isa = XCBuildConfiguration;
			baseConfigurationReference = 7966522B37F2C1E0F9973980 /* Pods-Uber.debug.xcconfig */;
			buildSettings = {
				ASSETCATALOG_COMPILER_APPICON_NAME = AppIcon;
				ASSETCATALOG_COMPILER_GLOBAL_ACCENT_COLOR_NAME = AccentColor;
				CODE_SIGN_STYLE = Automatic;
				CURRENT_PROJECT_VERSION = 1;
				DEVELOPMENT_TEAM = 9PF2GLF6PD;
				GENERATE_INFOPLIST_FILE = YES;
				INFOPLIST_FILE = Uber/Info.plist;
				INFOPLIST_KEY_UIApplicationSupportsIndirectInputEvents = YES;
				INFOPLIST_KEY_UILaunchStoryboardName = LaunchScreen;
				INFOPLIST_KEY_UISupportedInterfaceOrientations = UIInterfaceOrientationPortrait;
				INFOPLIST_KEY_UISupportedInterfaceOrientations_iPad = "UIInterfaceOrientationLandscapeLeft UIInterfaceOrientationLandscapeRight UIInterfaceOrientationPortrait UIInterfaceOrientationPortraitUpsideDown";
				IPHONEOS_DEPLOYMENT_TARGET = 14.0;
				LD_RUNPATH_SEARCH_PATHS = (
					"$(inherited)",
					"@executable_path/Frameworks",
				);
				MARKETING_VERSION = 1.0;
				PRODUCT_BUNDLE_IDENTIFIER = com.Beavean.Anthony.Uber;
				PRODUCT_NAME = "$(TARGET_NAME)";
				SUPPORTED_PLATFORMS = "iphoneos iphonesimulator";
				SUPPORTS_MACCATALYST = NO;
				SUPPORTS_MAC_DESIGNED_FOR_IPHONE_IPAD = NO;
				SWIFT_EMIT_LOC_STRINGS = YES;
				SWIFT_VERSION = 5.0;
				TARGETED_DEVICE_FAMILY = 1;
			};
			name = Debug;
		};
		080FBDC228F5634700D71902 /* Release */ = {
			isa = XCBuildConfiguration;
			baseConfigurationReference = DA68C3209809F79F950D4EC9 /* Pods-Uber.release.xcconfig */;
			buildSettings = {
				ASSETCATALOG_COMPILER_APPICON_NAME = AppIcon;
				ASSETCATALOG_COMPILER_GLOBAL_ACCENT_COLOR_NAME = AccentColor;
				CODE_SIGN_STYLE = Automatic;
				CURRENT_PROJECT_VERSION = 1;
				DEVELOPMENT_TEAM = 9PF2GLF6PD;
				GENERATE_INFOPLIST_FILE = YES;
				INFOPLIST_FILE = Uber/Info.plist;
				INFOPLIST_KEY_UIApplicationSupportsIndirectInputEvents = YES;
				INFOPLIST_KEY_UILaunchStoryboardName = LaunchScreen;
				INFOPLIST_KEY_UISupportedInterfaceOrientations = UIInterfaceOrientationPortrait;
				INFOPLIST_KEY_UISupportedInterfaceOrientations_iPad = "UIInterfaceOrientationLandscapeLeft UIInterfaceOrientationLandscapeRight UIInterfaceOrientationPortrait UIInterfaceOrientationPortraitUpsideDown";
				IPHONEOS_DEPLOYMENT_TARGET = 14.0;
				LD_RUNPATH_SEARCH_PATHS = (
					"$(inherited)",
					"@executable_path/Frameworks",
				);
				MARKETING_VERSION = 1.0;
				PRODUCT_BUNDLE_IDENTIFIER = com.Beavean.Anthony.Uber;
				PRODUCT_NAME = "$(TARGET_NAME)";
				SUPPORTED_PLATFORMS = "iphoneos iphonesimulator";
				SUPPORTS_MACCATALYST = NO;
				SUPPORTS_MAC_DESIGNED_FOR_IPHONE_IPAD = NO;
				SWIFT_EMIT_LOC_STRINGS = YES;
				SWIFT_VERSION = 5.0;
				TARGETED_DEVICE_FAMILY = 1;
			};
			name = Release;
		};
/* End XCBuildConfiguration section */

/* Begin XCConfigurationList section */
		080FBDA728F5634500D71902 /* Build configuration list for PBXProject "Uber" */ = {
			isa = XCConfigurationList;
			buildConfigurations = (
				080FBDBE28F5634700D71902 /* Debug */,
				080FBDBF28F5634700D71902 /* Release */,
			);
			defaultConfigurationIsVisible = 0;
			defaultConfigurationName = Release;
		};
		080FBDC028F5634700D71902 /* Build configuration list for PBXNativeTarget "Uber" */ = {
			isa = XCConfigurationList;
			buildConfigurations = (
				080FBDC128F5634700D71902 /* Debug */,
				080FBDC228F5634700D71902 /* Release */,
			);
			defaultConfigurationIsVisible = 0;
			defaultConfigurationName = Release;
		};
/* End XCConfigurationList section */
	};
	rootObject = 080FBDA428F5634500D71902 /* Project object */;
}
